
Microsoft Visual Studio Solution File, Format Version 12.00
# Visual Studio 15
Project("{FAE04EC0-301F-11D3-BF4B-00C04F79EFBC}") = "Assembly-CSharp-firstpass", "Assembly-CSharp-firstpass.csproj", "{A5186C62-C4B7-DFA6-0D98-2CF9CBC6301A}"
EndProject
Project("{FAE04EC0-301F-11D3-BF4B-00C04F79EFBC}") = "Assembly-CSharp", "Assembly-CSharp.csproj", "{12E01FBE-DFAC-07CC-940D-5F71FE612439}"
EndProject
Project("{FAE04EC0-301F-11D3-BF4B-00C04F79EFBC}") = "Assembly-CSharp-Editor", "Assembly-CSharp-Editor.csproj", "{908A265D-4066-641F-8BF9-96FCCE3C0F72}"
EndProject
Global
	GlobalSection(SolutionConfigurationPlatforms) = preSolution
		Debug|Any CPU = Debug|Any CPU
		Release|Any CPU = Release|Any CPU
	EndGlobalSection
	GlobalSection(ProjectConfigurationPlatforms) = postSolution
		{A5186C62-C4B7-DFA6-0D98-2CF9CBC6301A}.Debug|Any CPU.ActiveCfg = Debug|Any CPU
		{A5186C62-C4B7-DFA6-0D98-2CF9CBC6301A}.Debug|Any CPU.Build.0 = Debug|Any CPU
		{A5186C62-C4B7-DFA6-0D98-2CF9CBC6301A}.Release|Any CPU.ActiveCfg = Release|Any CPU
		{A5186C62-C4B7-DFA6-0D98-2CF9CBC6301A}.Release|Any CPU.Build.0 = Release|Any CPU
		{12E01FBE-DFAC-07CC-940D-5F71FE612439}.Debug|Any CPU.ActiveCfg = Debug|Any CPU
		{12E01FBE-DFAC-07CC-940D-5F71FE612439}.Debug|Any CPU.Build.0 = Debug|Any CPU
		{12E01FBE-DFAC-07CC-940D-5F71FE612439}.Release|Any CPU.ActiveCfg = Release|Any CPU
		{12E01FBE-DFAC-07CC-940D-5F71FE612439}.Release|Any CPU.Build.0 = Release|Any CPU
		{908A265D-4066-641F-8BF9-96FCCE3C0F72}.Debug|Any CPU.ActiveCfg = Debug|Any CPU
		{908A265D-4066-641F-8BF9-96FCCE3C0F72}.Debug|Any CPU.Build.0 = Debug|Any CPU
		{908A265D-4066-641F-8BF9-96FCCE3C0F72}.Release|Any CPU.ActiveCfg = Release|Any CPU
		{908A265D-4066-641F-8BF9-96FCCE3C0F72}.Release|Any CPU.Build.0 = Release|Any CPU
	EndGlobalSection
	GlobalSection(SolutionProperties) = preSolution
		HideSolutionNode = FALSE
	EndGlobalSection
EndGlobal
